
Microsoft Visual Studio Solution File, Format Version 12.00
# Visual Studio Version 16
VisualStudioVersion = 16.0.34031.81
MinimumVisualStudioVersion = 10.0.40219.1
Project("{2150E333-8FDC-42A3-9474-1A3956D46DE8}") = "Task0", "Task0", "{B4645831-A907-4F28-81BB-32F6BCF3962C}"
EndProject
Project("{FAE04EC0-301F-11D3-BF4B-00C04F79EFBC}") = "Tyuiu.SavitskyDA.Sprint2.Task0.V10", "Tyuiu.SavitskyDA.Sprint2.Task0.V10\Tyuiu.SavitskyDA.Sprint2.Task0.V10.csproj", "{269901EE-7952-4894-970D-A96A9CA67BFC}"
EndProject
Project("{FAE04EC0-301F-11D3-BF4B-00C04F79EFBC}") = "Tyuiu.SavitskyDA.Sprint2.Task0.V10.Lib", "Tyuiu.SavitskyDA.Sprint2.Task0.V10.Lib\Tyuiu.SavitskyDA.Sprint2.Task0.V10.Lib.csproj", "{2C4DF44F-16D5-4829-AF12-1C8E6D629EDD}"
EndProject
Project("{FAE04EC0-301F-11D3-BF4B-00C04F79EFBC}") = "Tyuiu.SavitskyDA.Sprint2.Task0.V10.Test", "Tyuiu.SavitskyDA.Sprint2.Task0.V10.Test\Tyuiu.SavitskyDA.Sprint2.Task0.V10.Test.csproj", "{8777E2D0-6D79-40BE-8964-4BECA2424020}"
EndProject
Project("{2150E333-8FDC-42A3-9474-1A3956D46DE8}") = "Task1", "Task1", "{F1EDB951-60B7-4E62-B8CE-845B314BB298}"
EndProject
Project("{FAE04EC0-301F-11D3-BF4B-00C04F79EFBC}") = "Tyuiu.SavitskyDA.Sprint2.Task1.V17", "Tyuiu.SavitskyDA.Sprint2.Task1.V17\Tyuiu.SavitskyDA.Sprint2.Task1.V17.csproj", "{D61308EA-01C0-48AB-A67E-B6A4DBEF87FF}"
EndProject
Project("{FAE04EC0-301F-11D3-BF4B-00C04F79EFBC}") = "Tyuiu.SavitskyDA.Sprint2.Task1.V17.Lib", "Tyuiu.SavitskyDA.Sprint2.Task1.V17.Lib\Tyuiu.SavitskyDA.Sprint2.Task1.V17.Lib.csproj", "{2E0987EF-274A-414A-B02F-6021E08C7393}"
EndProject
Project("{FAE04EC0-301F-11D3-BF4B-00C04F79EFBC}") = "Tyuiu.SavitskyDA.Sprint2.Task1.V17.Test", "Tyuiu.SavitskyDA.Sprint2.Task1.V17.Test\Tyuiu.SavitskyDA.Sprint2.Task1.V17.Test.csproj", "{E6FA3D06-52FF-456C-8F65-CB78E9ED5A13}"
EndProject
Project("{2150E333-8FDC-42A3-9474-1A3956D46DE8}") = "Task2", "Task2", "{72811246-2646-4599-9AFC-FB70873E9CB3}"
EndProject
Project("{FAE04EC0-301F-11D3-BF4B-00C04F79EFBC}") = "Tyuiu.SavitskyDA.Sprint2.Task2.V20", "Tyuiu.SavitskyDA.Sprint2.Task2.V20\Tyuiu.SavitskyDA.Sprint2.Task2.V20.csproj", "{A487D9F8-3F48-4FF6-AC5C-5AEF48A34132}"
EndProject
Project("{FAE04EC0-301F-11D3-BF4B-00C04F79EFBC}") = "Tyuiu.SavitskyDA.Sprint2.Task2.V20.Lib", "Tyuiu.SavitskyDA.Sprint2.Task2.V20.Lib\Tyuiu.SavitskyDA.Sprint2.Task2.V20.Lib.csproj", "{7C80F033-4A7A-4B78-B011-DCEAC151E530}"
EndProject
Project("{FAE04EC0-301F-11D3-BF4B-00C04F79EFBC}") = "Tyuiu.SavitskyDA.Sprint2.Task2.V20.Test", "Tyuiu.SavitskyDA.Sprint2.Task2.V20.Test\Tyuiu.SavitskyDA.Sprint2.Task2.V20.Test.csproj", "{8635D65D-B3A7-4D27-82DC-5F4FA8C33A14}"
EndProject
Project("{2150E333-8FDC-42A3-9474-1A3956D46DE8}") = "Task3", "Task3", "{485721AD-D380-4563-95F4-9E3BF25BDFDA}"
EndProject
Project("{FAE04EC0-301F-11D3-BF4B-00C04F79EFBC}") = "Tyuiu.SavitskyDA.Sprint2.Task3.V30", "Tyuiu.SavitskyDA.Sprint2.Task3.V30\Tyuiu.SavitskyDA.Sprint2.Task3.V30.csproj", "{E7F91F89-2195-4B93-9ECD-8AF0A984D30C}"
EndProject
Project("{FAE04EC0-301F-11D3-BF4B-00C04F79EFBC}") = "Tyuiu.SavitskyDA.Sprint2.Task3.V30.Lib", "Tyuiu.SavitskyDA.Sprint2.Task3.V30.Lib\Tyuiu.SavitskyDA.Sprint2.Task3.V30.Lib.csproj", "{2AC3E1FC-AB08-4FC0-B178-762F586DC999}"
EndProject
Project("{FAE04EC0-301F-11D3-BF4B-00C04F79EFBC}") = "Tyuiu.SavitskyDA.Sprint2.Task3.V30.Test", "Tyuiu.SavitskyDA.Sprint2.Task3.V30.Test\Tyuiu.SavitskyDA.Sprint2.Task3.V30.Test.csproj", "{6D3EA8E2-B9F5-439F-870C-B33AB2F5CCCD}"
EndProject
Project("{2150E333-8FDC-42A3-9474-1A3956D46DE8}") = "Task4", "Task4", "{B0FE2458-394D-4497-8F69-AD4A25CFF0DF}"
EndProject
Project("{FAE04EC0-301F-11D3-BF4B-00C04F79EFBC}") = "Tyuiu.SavitskyDA.Sprint2.Task4.V19", "Tyuiu.SavitskyDA.Sprint2.Task4.V19\Tyuiu.SavitskyDA.Sprint2.Task4.V19.csproj", "{836EA297-BA79-4246-86D5-9C6352EF9A0C}"
EndProject
Project("{FAE04EC0-301F-11D3-BF4B-00C04F79EFBC}") = "Tyuiu.SavitskyDA.Sprint2.Task4.V19.Lib", "Tyuiu.SavitskyDA.Sprint2.Task4.V19.Lib\Tyuiu.SavitskyDA.Sprint2.Task4.V19.Lib.csproj", "{7F0D855C-7AAD-4199-B52D-792E13E6DF23}"
EndProject
Project("{FAE04EC0-301F-11D3-BF4B-00C04F79EFBC}") = "Tyuiu.SavitskyDA.Sprint2.Task4.V19.Test", "Tyuiu.SavitskyDA.Sprint2.Task4.V19.Test\Tyuiu.SavitskyDA.Sprint2.Task4.V19.Test.csproj", "{81388006-7AF9-440C-99A0-F3B7AFB0B546}"
EndProject
Project("{2150E333-8FDC-42A3-9474-1A3956D46DE8}") = "Task5", "Task5", "{9A6F1EC2-00B9-46AF-870C-D1F0FA3BDCB6}"
EndProject
Project("{FAE04EC0-301F-11D3-BF4B-00C04F79EFBC}") = "Tyuiu.SavitskyDA.Sprint2.Task5.V1", "Tyuiu.SavitskyDA.Sprint2.Task5.V1\Tyuiu.SavitskyDA.Sprint2.Task5.V1.csproj", "{62C90931-6BA4-4D21-8FB3-CC811EA393A2}"
EndProject
Project("{FAE04EC0-301F-11D3-BF4B-00C04F79EFBC}") = "Tyuiu.SavitskyDA.Sprint2.Task5.V1.Lib", "Tyuiu.SavitskyDA.Sprint2.Task5.V1.Lib\Tyuiu.SavitskyDA.Sprint2.Task5.V1.Lib.csproj", "{7AB2103E-6B95-43AC-AD3E-4586A7F604E6}"
EndProject
Project("{FAE04EC0-301F-11D3-BF4B-00C04F79EFBC}") = "Tyuiu.SavitskyDA.Sprint2.Task5.V1.Test", "Tyuiu.SavitskyDA.Sprint2.Task5.V1.Test\Tyuiu.SavitskyDA.Sprint2.Task5.V1.Test.csproj", "{0ACD4037-2BD3-45B6-813B-A575E11F5D06}"
EndProject
Project("{2150E333-8FDC-42A3-9474-1A3956D46DE8}") = "Task6", "Task6", "{2A92ECF3-798E-4340-A776-D5EE3D644C86}"
EndProject
Project("{FAE04EC0-301F-11D3-BF4B-00C04F79EFBC}") = "Tyuiu.SavitskyDA.Sprint2.Task6.V11", "Tyuiu.SavitskyDA.Sprint2.Task6.V11\Tyuiu.SavitskyDA.Sprint2.Task6.V11.csproj", "{CCE68C36-7891-4B3D-B271-4289518EA263}"
EndProject
Project("{FAE04EC0-301F-11D3-BF4B-00C04F79EFBC}") = "Tyuiu.SavitskyDA.Sprint2.Task6.V11.Lib", "Tyuiu.SavitskyDA.Sprint2.Task6.V11.Lib\Tyuiu.SavitskyDA.Sprint2.Task6.V11.Lib.csproj", "{CB4299A7-571E-4E66-9D20-86A666C3D74D}"
EndProject
Project("{FAE04EC0-301F-11D3-BF4B-00C04F79EFBC}") = "Tyuiu.SavitskyDA.Sprint2.Task6.V11.Test", "Tyuiu.SavitskyDA.Sprint2.Task6.V11.Test\Tyuiu.SavitskyDA.Sprint2.Task6.V11.Test.csproj", "{E824E491-3EE8-48C9-AA99-B87BE53721D1}"
EndProject
Project("{2150E333-8FDC-42A3-9474-1A3956D46DE8}") = "Task7", "Task7", "{F15CEABB-EAF8-4F9B-B79C-25FDDF0A5CA2}"
EndProject
Project("{FAE04EC0-301F-11D3-BF4B-00C04F79EFBC}") = "Tyuiu.SavitskyDA.Sprint2.Task7.V1", "Tyuiu.SavitskyDA.Sprint2.Task7.V1\Tyuiu.SavitskyDA.Sprint2.Task7.V1.csproj", "{9CCAA3D5-A66E-4B6E-AFD8-D0DFA0B9FAA8}"
EndProject
Project("{FAE04EC0-301F-11D3-BF4B-00C04F79EFBC}") = "Tyuiu.SavitskyDA.Sprint2.Task7.V1.Lib", "Tyuiu.SavitskyDA.Sprint2.Task7.V1.Lib\Tyuiu.SavitskyDA.Sprint2.Task7.V1.Lib.csproj", "{27007317-A4C1-405B-8206-9D19C7BE4BEE}"
EndProject
Project("{FAE04EC0-301F-11D3-BF4B-00C04F79EFBC}") = "Tyuiu.SavitskyDA.Sprint2.Task7.V1.Test", "Tyuiu.SavitskyDA.Sprint2.Task7.V1.Test\Tyuiu.SavitskyDA.Sprint2.Task7.V1.Test.csproj", "{D0A2C23E-C826-4D63-99A6-A64636E528D1}"
EndProject
Global
	GlobalSection(SolutionConfigurationPlatforms) = preSolution
		Debug|Any CPU = Debug|Any CPU
		Release|Any CPU = Release|Any CPU
	EndGlobalSection
	GlobalSection(ProjectConfigurationPlatforms) = postSolution
		{269901EE-7952-4894-970D-A96A9CA67BFC}.Debug|Any CPU.ActiveCfg = Debug|Any CPU
		{269901EE-7952-4894-970D-A96A9CA67BFC}.Debug|Any CPU.Build.0 = Debug|Any CPU
		{269901EE-7952-4894-970D-A96A9CA67BFC}.Release|Any CPU.ActiveCfg = Release|Any CPU
		{269901EE-7952-4894-970D-A96A9CA67BFC}.Release|Any CPU.Build.0 = Release|Any CPU
		{2C4DF44F-16D5-4829-AF12-1C8E6D629EDD}.Debug|Any CPU.ActiveCfg = Debug|Any CPU
		{2C4DF44F-16D5-4829-AF12-1C8E6D629EDD}.Debug|Any CPU.Build.0 = Debug|Any CPU
		{2C4DF44F-16D5-4829-AF12-1C8E6D629EDD}.Release|Any CPU.ActiveCfg = Release|Any CPU
		{2C4DF44F-16D5-4829-AF12-1C8E6D629EDD}.Release|Any CPU.Build.0 = Release|Any CPU
		{8777E2D0-6D79-40BE-8964-4BECA2424020}.Debug|Any CPU.ActiveCfg = Debug|Any CPU
		{8777E2D0-6D79-40BE-8964-4BECA2424020}.Debug|Any CPU.Build.0 = Debug|Any CPU
		{8777E2D0-6D79-40BE-8964-4BECA2424020}.Release|Any CPU.ActiveCfg = Release|Any CPU
		{8777E2D0-6D79-40BE-8964-4BECA2424020}.Release|Any CPU.Build.0 = Release|Any CPU
		{D61308EA-01C0-48AB-A67E-B6A4DBEF87FF}.Debug|Any CPU.ActiveCfg = Debug|Any CPU
		{D61308EA-01C0-48AB-A67E-B6A4DBEF87FF}.Debug|Any CPU.Build.0 = Debug|Any CPU
		{D61308EA-01C0-48AB-A67E-B6A4DBEF87FF}.Release|Any CPU.ActiveCfg = Release|Any CPU
		{D61308EA-01C0-48AB-A67E-B6A4DBEF87FF}.Release|Any CPU.Build.0 = Release|Any CPU
		{2E0987EF-274A-414A-B02F-6021E08C7393}.Debug|Any CPU.ActiveCfg = Debug|Any CPU
		{2E0987EF-274A-414A-B02F-6021E08C7393}.Debug|Any CPU.Build.0 = Debug|Any CPU
		{2E0987EF-274A-414A-B02F-6021E08C7393}.Release|Any CPU.ActiveCfg = Release|Any CPU
		{2E0987EF-274A-414A-B02F-6021E08C7393}.Release|Any CPU.Build.0 = Release|Any CPU
		{E6FA3D06-52FF-456C-8F65-CB78E9ED5A13}.Debug|Any CPU.ActiveCfg = Debug|Any CPU
		{E6FA3D06-52FF-456C-8F65-CB78E9ED5A13}.Debug|Any CPU.Build.0 = Debug|Any CPU
		{E6FA3D06-52FF-456C-8F65-CB78E9ED5A13}.Release|Any CPU.ActiveCfg = Release|Any CPU
		{E6FA3D06-52FF-456C-8F65-CB78E9ED5A13}.Release|Any CPU.Build.0 = Release|Any CPU
		{A487D9F8-3F48-4FF6-AC5C-5AEF48A34132}.Debug|Any CPU.ActiveCfg = Debug|Any CPU
		{A487D9F8-3F48-4FF6-AC5C-5AEF48A34132}.Debug|Any CPU.Build.0 = Debug|Any CPU
		{A487D9F8-3F48-4FF6-AC5C-5AEF48A34132}.Release|Any CPU.ActiveCfg = Release|Any CPU
		{A487D9F8-3F48-4FF6-AC5C-5AEF48A34132}.Release|Any CPU.Build.0 = Release|Any CPU
		{7C80F033-4A7A-4B78-B011-DCEAC151E530}.Debug|Any CPU.ActiveCfg = Debug|Any CPU
		{7C80F033-4A7A-4B78-B011-DCEAC151E530}.Debug|Any CPU.Build.0 = Debug|Any CPU
		{7C80F033-4A7A-4B78-B011-DCEAC151E530}.Release|Any CPU.ActiveCfg = Release|Any CPU
		{7C80F033-4A7A-4B78-B011-DCEAC151E530}.Release|Any CPU.Build.0 = Release|Any CPU
		{8635D65D-B3A7-4D27-82DC-5F4FA8C33A14}.Debug|Any CPU.ActiveCfg = Debug|Any CPU
		{8635D65D-B3A7-4D27-82DC-5F4FA8C33A14}.Debug|Any CPU.Build.0 = Debug|Any CPU
		{8635D65D-B3A7-4D27-82DC-5F4FA8C33A14}.Release|Any CPU.ActiveCfg = Release|Any CPU
		{8635D65D-B3A7-4D27-82DC-5F4FA8C33A14}.Release|Any CPU.Build.0 = Release|Any CPU
		{E7F91F89-2195-4B93-9ECD-8AF0A984D30C}.Debug|Any CPU.ActiveCfg = Debug|Any CPU
		{E7F91F89-2195-4B93-9ECD-8AF0A984D30C}.Debug|Any CPU.Build.0 = Debug|Any CPU
		{E7F91F89-2195-4B93-9ECD-8AF0A984D30C}.Release|Any CPU.ActiveCfg = Release|Any CPU
		{E7F91F89-2195-4B93-9ECD-8AF0A984D30C}.Release|Any CPU.Build.0 = Release|Any CPU
		{2AC3E1FC-AB08-4FC0-B178-762F586DC999}.Debug|Any CPU.ActiveCfg = Debug|Any CPU
		{2AC3E1FC-AB08-4FC0-B178-762F586DC999}.Debug|Any CPU.Build.0 = Debug|Any CPU
		{2AC3E1FC-AB08-4FC0-B178-762F586DC999}.Release|Any CPU.ActiveCfg = Release|Any CPU
		{2AC3E1FC-AB08-4FC0-B178-762F586DC999}.Release|Any CPU.Build.0 = Release|Any CPU
		{6D3EA8E2-B9F5-439F-870C-B33AB2F5CCCD}.Debug|Any CPU.ActiveCfg = Debug|Any CPU
		{6D3EA8E2-B9F5-439F-870C-B33AB2F5CCCD}.Debug|Any CPU.Build.0 = Debug|Any CPU
		{6D3EA8E2-B9F5-439F-870C-B33AB2F5CCCD}.Release|Any CPU.ActiveCfg = Release|Any CPU
		{6D3EA8E2-B9F5-439F-870C-B33AB2F5CCCD}.Release|Any CPU.Build.0 = Release|Any CPU
		{836EA297-BA79-4246-86D5-9C6352EF9A0C}.Debug|Any CPU.ActiveCfg = Debug|Any CPU
		{836EA297-BA79-4246-86D5-9C6352EF9A0C}.Debug|Any CPU.Build.0 = Debug|Any CPU
		{836EA297-BA79-4246-86D5-9C6352EF9A0C}.Release|Any CPU.ActiveCfg = Release|Any CPU
		{836EA297-BA79-4246-86D5-9C6352EF9A0C}.Release|Any CPU.Build.0 = Release|Any CPU
		{7F0D855C-7AAD-4199-B52D-792E13E6DF23}.Debug|Any CPU.ActiveCfg = Debug|Any CPU
		{7F0D855C-7AAD-4199-B52D-792E13E6DF23}.Debug|Any CPU.Build.0 = Debug|Any CPU
		{7F0D855C-7AAD-4199-B52D-792E13E6DF23}.Release|Any CPU.ActiveCfg = Release|Any CPU
		{7F0D855C-7AAD-4199-B52D-792E13E6DF23}.Release|Any CPU.Build.0 = Release|Any CPU
		{81388006-7AF9-440C-99A0-F3B7AFB0B546}.Debug|Any CPU.ActiveCfg = Debug|Any CPU
		{81388006-7AF9-440C-99A0-F3B7AFB0B546}.Debug|Any CPU.Build.0 = Debug|Any CPU
		{81388006-7AF9-440C-99A0-F3B7AFB0B546}.Release|Any CPU.ActiveCfg = Release|Any CPU
		{81388006-7AF9-440C-99A0-F3B7AFB0B546}.Release|Any CPU.Build.0 = Release|Any CPU
		{62C90931-6BA4-4D21-8FB3-CC811EA393A2}.Debug|Any CPU.ActiveCfg = Debug|Any CPU
		{62C90931-6BA4-4D21-8FB3-CC811EA393A2}.Debug|Any CPU.Build.0 = Debug|Any CPU
		{62C90931-6BA4-4D21-8FB3-CC811EA393A2}.Release|Any CPU.ActiveCfg = Release|Any CPU
		{62C90931-6BA4-4D21-8FB3-CC811EA393A2}.Release|Any CPU.Build.0 = Release|Any CPU
		{7AB2103E-6B95-43AC-AD3E-4586A7F604E6}.Debug|Any CPU.ActiveCfg = Debug|Any CPU
		{7AB2103E-6B95-43AC-AD3E-4586A7F604E6}.Debug|Any CPU.Build.0 = Debug|Any CPU
		{7AB2103E-6B95-43AC-AD3E-4586A7F604E6}.Release|Any CPU.ActiveCfg = Release|Any CPU
		{7AB2103E-6B95-43AC-AD3E-4586A7F604E6}.Release|Any CPU.Build.0 = Release|Any CPU
		{0ACD4037-2BD3-45B6-813B-A575E11F5D06}.Debug|Any CPU.ActiveCfg = Debug|Any CPU
		{0ACD4037-2BD3-45B6-813B-A575E11F5D06}.Debug|Any CPU.Build.0 = Debug|Any CPU
		{0ACD4037-2BD3-45B6-813B-A575E11F5D06}.Release|Any CPU.ActiveCfg = Release|Any CPU
		{0ACD4037-2BD3-45B6-813B-A575E11F5D06}.Release|Any CPU.Build.0 = Release|Any CPU
		{CCE68C36-7891-4B3D-B271-4289518EA263}.Debug|Any CPU.ActiveCfg = Debug|Any CPU
		{CCE68C36-7891-4B3D-B271-4289518EA263}.Debug|Any CPU.Build.0 = Debug|Any CPU
		{CCE68C36-7891-4B3D-B271-4289518EA263}.Release|Any CPU.ActiveCfg = Release|Any CPU
		{CCE68C36-7891-4B3D-B271-4289518EA263}.Release|Any CPU.Build.0 = Release|Any CPU
		{CB4299A7-571E-4E66-9D20-86A666C3D74D}.Debug|Any CPU.ActiveCfg = Debug|Any CPU
		{CB4299A7-571E-4E66-9D20-86A666C3D74D}.Debug|Any CPU.Build.0 = Debug|Any CPU
		{CB4299A7-571E-4E66-9D20-86A666C3D74D}.Release|Any CPU.ActiveCfg = Release|Any CPU
		{CB4299A7-571E-4E66-9D20-86A666C3D74D}.Release|Any CPU.Build.0 = Release|Any CPU
		{E824E491-3EE8-48C9-AA99-B87BE53721D1}.Debug|Any CPU.ActiveCfg = Debug|Any CPU
		{E824E491-3EE8-48C9-AA99-B87BE53721D1}.Debug|Any CPU.Build.0 = Debug|Any CPU
		{E824E491-3EE8-48C9-AA99-B87BE53721D1}.Release|Any CPU.ActiveCfg = Release|Any CPU
		{E824E491-3EE8-48C9-AA99-B87BE53721D1}.Release|Any CPU.Build.0 = Release|Any CPU
		{9CCAA3D5-A66E-4B6E-AFD8-D0DFA0B9FAA8}.Debug|Any CPU.ActiveCfg = Debug|Any CPU
		{9CCAA3D5-A66E-4B6E-AFD8-D0DFA0B9FAA8}.Debug|Any CPU.Build.0 = Debug|Any CPU
		{9CCAA3D5-A66E-4B6E-AFD8-D0DFA0B9FAA8}.Release|Any CPU.ActiveCfg = Release|Any CPU
		{9CCAA3D5-A66E-4B6E-AFD8-D0DFA0B9FAA8}.Release|Any CPU.Build.0 = Release|Any CPU
		{27007317-A4C1-405B-8206-9D19C7BE4BEE}.Debug|Any CPU.ActiveCfg = Debug|Any CPU
		{27007317-A4C1-405B-8206-9D19C7BE4BEE}.Debug|Any CPU.Build.0 = Debug|Any CPU
		{27007317-A4C1-405B-8206-9D19C7BE4BEE}.Release|Any CPU.ActiveCfg = Release|Any CPU
		{27007317-A4C1-405B-8206-9D19C7BE4BEE}.Release|Any CPU.Build.0 = Release|Any CPU
		{D0A2C23E-C826-4D63-99A6-A64636E528D1}.Debug|Any CPU.ActiveCfg = Debug|Any CPU
		{D0A2C23E-C826-4D63-99A6-A64636E528D1}.Debug|Any CPU.Build.0 = Debug|Any CPU
		{D0A2C23E-C826-4D63-99A6-A64636E528D1}.Release|Any CPU.ActiveCfg = Release|Any CPU
		{D0A2C23E-C826-4D63-99A6-A64636E528D1}.Release|Any CPU.Build.0 = Release|Any CPU
	EndGlobalSection
	GlobalSection(SolutionProperties) = preSolution
		HideSolutionNode = FALSE
	EndGlobalSection
	GlobalSection(NestedProjects) = preSolution
		{269901EE-7952-4894-970D-A96A9CA67BFC} = {B4645831-A907-4F28-81BB-32F6BCF3962C}
		{2C4DF44F-16D5-4829-AF12-1C8E6D629EDD} = {B4645831-A907-4F28-81BB-32F6BCF3962C}
		{8777E2D0-6D79-40BE-8964-4BECA2424020} = {B4645831-A907-4F28-81BB-32F6BCF3962C}
		{D61308EA-01C0-48AB-A67E-B6A4DBEF87FF} = {F1EDB951-60B7-4E62-B8CE-845B314BB298}
		{2E0987EF-274A-414A-B02F-6021E08C7393} = {F1EDB951-60B7-4E62-B8CE-845B314BB298}
		{E6FA3D06-52FF-456C-8F65-CB78E9ED5A13} = {F1EDB951-60B7-4E62-B8CE-845B314BB298}
		{A487D9F8-3F48-4FF6-AC5C-5AEF48A34132} = {72811246-2646-4599-9AFC-FB70873E9CB3}
		{7C80F033-4A7A-4B78-B011-DCEAC151E530} = {72811246-2646-4599-9AFC-FB70873E9CB3}
		{8635D65D-B3A7-4D27-82DC-5F4FA8C33A14} = {72811246-2646-4599-9AFC-FB70873E9CB3}
		{E7F91F89-2195-4B93-9ECD-8AF0A984D30C} = {485721AD-D380-4563-95F4-9E3BF25BDFDA}
		{2AC3E1FC-AB08-4FC0-B178-762F586DC999} = {485721AD-D380-4563-95F4-9E3BF25BDFDA}
		{6D3EA8E2-B9F5-439F-870C-B33AB2F5CCCD} = {485721AD-D380-4563-95F4-9E3BF25BDFDA}
		{836EA297-BA79-4246-86D5-9C6352EF9A0C} = {B0FE2458-394D-4497-8F69-AD4A25CFF0DF}
		{7F0D855C-7AAD-4199-B52D-792E13E6DF23} = {B0FE2458-394D-4497-8F69-AD4A25CFF0DF}
		{81388006-7AF9-440C-99A0-F3B7AFB0B546} = {B0FE2458-394D-4497-8F69-AD4A25CFF0DF}
		{62C90931-6BA4-4D21-8FB3-CC811EA393A2} = {9A6F1EC2-00B9-46AF-870C-D1F0FA3BDCB6}
		{7AB2103E-6B95-43AC-AD3E-4586A7F604E6} = {9A6F1EC2-00B9-46AF-870C-D1F0FA3BDCB6}
		{0ACD4037-2BD3-45B6-813B-A575E11F5D06} = {9A6F1EC2-00B9-46AF-870C-D1F0FA3BDCB6}
		{CCE68C36-7891-4B3D-B271-4289518EA263} = {2A92ECF3-798E-4340-A776-D5EE3D644C86}
		{CB4299A7-571E-4E66-9D20-86A666C3D74D} = {2A92ECF3-798E-4340-A776-D5EE3D644C86}
		{E824E491-3EE8-48C9-AA99-B87BE53721D1} = {2A92ECF3-798E-4340-A776-D5EE3D644C86}
		{9CCAA3D5-A66E-4B6E-AFD8-D0DFA0B9FAA8} = {F15CEABB-EAF8-4F9B-B79C-25FDDF0A5CA2}
		{27007317-A4C1-405B-8206-9D19C7BE4BEE} = {F15CEABB-EAF8-4F9B-B79C-25FDDF0A5CA2}
		{D0A2C23E-C826-4D63-99A6-A64636E528D1} = {F15CEABB-EAF8-4F9B-B79C-25FDDF0A5CA2}
	EndGlobalSection
	GlobalSection(ExtensibilityGlobals) = postSolution
		SolutionGuid = {CCD22B46-ADAC-45D3-BBAE-3E024F790A4A}
	EndGlobalSection
EndGlobal
